{
  "name": "karfur",
  "version": "0.1.0",
  "lockfileVersion": 2,
  "requires": true,
  "packages": {
    "": {
      "name": "karfur",
      "version": "0.1.0",
      "hasInstallScript": true,
      "license": "MIT",
      "devDependencies": {},
      "engines": {
        "node": "10.12.0"
      }
    }
  }
}
